<Solution>
  <Folder Name="/Samples/">
    <Project Path="Samples/Adder/Adder.csproj" Id="6f8a3d8e-5e17-4792-ad2a-42d6dd9d2bea" />
    <Project Path="Samples/Counter/Counter.csproj" Id="951aed15-5456-4f9f-bae1-9418f98dd36b" />
    <Project Path="Samples/SampleGalery.Web/SampleGalery.Web.csproj" Id="e907a7f2-e604-4ac2-b0ba-f4debc1b1c6b" />
    <Project Path="Samples/SampleGalery/SampleGalery.csproj" Id="dcdb3b5c-3366-4edb-80f2-ee7f54e8ec75" />
  </Folder>
  <Folder Name="/Solution Items/">
    <File Path=".editorconfig" />
    <File Path="README.md" />
  </Folder>
  <Project Path="Brave.Avalonia/Brave.Avalonia.csproj" Id="27519af3-c444-44d9-aa93-cdb8c6c3de99" />
  <Project Path="Brave.Tests/Brave.Tests.csproj" Id="edecb948-978d-446a-850e-83c485cf03b6" />
  <Project Path="Brave/Brave.csproj" Id="ed6888eb-627d-436b-94d2-d54cacaa5f50" />
</Solution>
